
Microsoft Visual Studio Solution File, Format Version 12.00
# Visual Studio Version 17
VisualStudioVersion = 17.14.37314.3 d17.14
MinimumVisualStudioVersion = 10.0.40219.1
Project("{FAE04EC0-301F-11D3-BF4B-00C04F79EFBC}") = "ERP_Application", "ERP_Application\ERP_Application.csproj", "{662A70DE-0490-4368-886E-2BF0444D9966}"
EndProject
Global
	GlobalSection(SolutionConfigurationPlatforms) = preSolution
		Debug|Any CPU = Debug|Any CPU
		Release|Any CPU = Release|Any CPU
	EndGlobalSection
	GlobalSection(ProjectConfigurationPlatforms) = postSolution
		{662A70DE-0490-4368-886E-2BF0444D9966}.Debug|Any CPU.ActiveCfg = Debug|Any CPU
		{662A70DE-0490-4368-886E-2BF0444D9966}.Debug|Any CPU.Build.0 = Debug|Any CPU
		{662A70DE-0490-4368-886E-2BF0444D9966}.Release|Any CPU.ActiveCfg = Release|Any CPU
		{662A70DE-0490-4368-886E-2BF0444D9966}.Release|Any CPU.Build.0 = Release|Any CPU
	EndGlobalSection
	GlobalSection(SolutionProperties) = preSolution
		HideSolutionNode = FALSE
	EndGlobalSection
	GlobalSection(ExtensibilityGlobals) = postSolution
		SolutionGuid = {9835FFAA-04D5-4FBA-9E0D-D7C4A4B14661}
	EndGlobalSection
EndGlobal
